// !$*UTF8*$!
{
	archiveVersion = 1;
	classes = {
	};
	objectVersion = 50;
	objects = {

/* Begin PBXBuildFile section */
		7611803925780F660091EF7F /* AppDelegate.swift in Sources */ = {isa = PBXBuildFile; fileRef = 7611803825780F660091EF7F /* AppDelegate.swift */; };
		7611803B25780F660091EF7F /* SceneDelegate.swift in Sources */ = {isa = PBXBuildFile; fileRef = 7611803A25780F660091EF7F /* SceneDelegate.swift */; };
		7611803D25780F660091EF7F /* ViewController.swift in Sources */ = {isa = PBXBuildFile; fileRef = 7611803C25780F660091EF7F /* ViewController.swift */; };
		7611804025780F660091EF7F /* Main.storyboard in Resources */ = {isa = PBXBuildFile; fileRef = 7611803E25780F660091EF7F /* Main.storyboard */; };
		7611804325780F660091EF7F /* Workshop_Backend.xcdatamodeld in Sources */ = {isa = PBXBuildFile; fileRef = 7611804125780F660091EF7F /* Workshop_Backend.xcdatamodeld */; };
		7611804525780F680091EF7F /* Assets.xcassets in Resources */ = {isa = PBXBuildFile; fileRef = 7611804425780F680091EF7F /* Assets.xcassets */; };
		7611804825780F680091EF7F /* LaunchScreen.storyboard in Resources */ = {isa = PBXBuildFile; fileRef = 7611804625780F680091EF7F /* LaunchScreen.storyboard */; };
		7611805325780F680091EF7F /* Workshop_BackendTests.swift in Sources */ = {isa = PBXBuildFile; fileRef = 7611805225780F680091EF7F /* Workshop_BackendTests.swift */; };
		7611805E25780F680091EF7F /* Workshop_BackendUITests.swift in Sources */ = {isa = PBXBuildFile; fileRef = 7611805D25780F680091EF7F /* Workshop_BackendUITests.swift */; };
		A867292925781D4F00644774 /* BackedFunctions.swift in Sources */ = {isa = PBXBuildFile; fileRef = A867292825781D4F00644774 /* BackedFunctions.swift */; };
/* End PBXBuildFile section */

/* Begin PBXContainerItemProxy section */
		7611804F25780F680091EF7F /* PBXContainerItemProxy */ = {
			isa = PBXContainerItemProxy;
			containerPortal = 7611802D25780F660091EF7F /* Project object */;
			proxyType = 1;
			remoteGlobalIDString = 7611803425780F660091EF7F;
			remoteInfo = "Workshop Backend";
		};
		7611805A25780F680091EF7F /* PBXContainerItemProxy */ = {
			isa = PBXContainerItemProxy;
			containerPortal = 7611802D25780F660091EF7F /* Project object */;
			proxyType = 1;
			remoteGlobalIDString = 7611803425780F660091EF7F;
			remoteInfo = "Workshop Backend";
		};
/* End PBXContainerItemProxy section */

/* Begin PBXFileReference section */
		7611803525780F660091EF7F /* Workshop Backend.app */ = {isa = PBXFileReference; explicitFileType = wrapper.application; includeInIndex = 0; path = "Workshop Backend.app"; sourceTree = BUILT_PRODUCTS_DIR; };
		7611803825780F660091EF7F /* AppDelegate.swift */ = {isa = PBXFileReference; lastKnownFileType = sourcecode.swift; path = AppDelegate.swift; sourceTree = "<group>"; };
		7611803A25780F660091EF7F /* SceneDelegate.swift */ = {isa = PBXFileReference; lastKnownFileType = sourcecode.swift; path = SceneDelegate.swift; sourceTree = "<group>"; };
		7611803C25780F660091EF7F /* ViewController.swift */ = {isa = PBXFileReference; lastKnownFileType = sourcecode.swift; path = ViewController.swift; sourceTree = "<group>"; };
		7611803F25780F660091EF7F /* Base */ = {isa = PBXFileReference; lastKnownFileType = file.storyboard; name = Base; path = Base.lproj/Main.storyboard; sourceTree = "<group>"; };
		7611804225780F660091EF7F /* Workshop_Backend.xcdatamodel */ = {isa = PBXFileReference; lastKnownFileType = wrapper.xcdatamodel; path = Workshop_Backend.xcdatamodel; sourceTree = "<group>"; };
		7611804425780F680091EF7F /* Assets.xcassets */ = {isa = PBXFileReference; lastKnownFileType = folder.assetcatalog; path = Assets.xcassets; sourceTree = "<group>"; };
		7611804725780F680091EF7F /* Base */ = {isa = PBXFileReference; lastKnownFileType = file.storyboard; name = Base; path = Base.lproj/LaunchScreen.storyboard; sourceTree = "<group>"; };
		7611804925780F680091EF7F /* Info.plist */ = {isa = PBXFileReference; lastKnownFileType = text.plist.xml; path = Info.plist; sourceTree = "<group>"; };
		7611804E25780F680091EF7F /* Workshop BackendTests.xctest */ = {isa = PBXFileReference; explicitFileType = wrapper.cfbundle; includeInIndex = 0; path = "Workshop BackendTests.xctest"; sourceTree = BUILT_PRODUCTS_DIR; };
		7611805225780F680091EF7F /* Workshop_BackendTests.swift */ = {isa = PBXFileReference; lastKnownFileType = sourcecode.swift; path = Workshop_BackendTests.swift; sourceTree = "<group>"; };
		7611805425780F680091EF7F /* Info.plist */ = {isa = PBXFileReference; lastKnownFileType = text.plist.xml; path = Info.plist; sourceTree = "<group>"; };
		7611805925780F680091EF7F /* Workshop BackendUITests.xctest */ = {isa = PBXFileReference; explicitFileType = wrapper.cfbundle; includeInIndex = 0; path = "Workshop BackendUITests.xctest"; sourceTree = BUILT_PRODUCTS_DIR; };
		7611805D25780F680091EF7F /* Workshop_BackendUITests.swift */ = {isa = PBXFileReference; lastKnownFileType = sourcecode.swift; path = Workshop_BackendUITests.swift; sourceTree = "<group>"; };
		7611805F25780F680091EF7F /* Info.plist */ = {isa = PBXFileReference; lastKnownFileType = text.plist.xml; path = Info.plist; sourceTree = "<group>"; };
		A867292825781D4F00644774 /* BackedFunctions.swift */ = {isa = PBXFileReference; lastKnownFileType = sourcecode.swift; path = BackedFunctions.swift; sourceTree = "<group>"; };
/* End PBXFileReference section */

/* Begin PBXFrameworksBuildPhase section */
		7611803225780F660091EF7F /* Frameworks */ = {
			isa = PBXFrameworksBuildPhase;
			buildActionMask = 2147483647;
			files = (
			);
			runOnlyForDeploymentPostprocessing = 0;
		};
		7611804B25780F680091EF7F /* Frameworks */ = {
			isa = PBXFrameworksBuildPhase;
			buildActionMask = 2147483647;
			files = (
			);
			runOnlyForDeploymentPostprocessing = 0;
		};
		7611805625780F680091EF7F /* Frameworks */ = {
			isa = PBXFrameworksBuildPhase;
			buildActionMask = 2147483647;
			files = (
			);
			runOnlyForDeploymentPostprocessing = 0;
		};
/* End PBXFrameworksBuildPhase section */

/* Begin PBXGroup section */
		7611802C25780F660091EF7F = {
			isa = PBXGroup;
			children = (
				7611803725780F660091EF7F /* Workshop Backend */,
				7611805125780F680091EF7F /* Workshop BackendTests */,
				7611805C25780F680091EF7F /* Workshop BackendUITests */,
				7611803625780F660091EF7F /* Products */,
			);
			sourceTree = "<group>";
		};
		7611803625780F660091EF7F /* Products */ = {
			isa = PBXGroup;
			children = (
				7611803525780F660091EF7F /* Workshop Backend.app */,
				7611804E25780F680091EF7F /* Workshop BackendTests.xctest */,
				7611805925780F680091EF7F /* Workshop BackendUITests.xctest */,
			);
			name = Products;
			sourceTree = "<group>";
		};
		7611803725780F660091EF7F /* Workshop Backend */ = {
			isa = PBXGroup;
			children = (
				A867292525781D0700644774 /* Model */,
				A867292625781D1000644774 /* View */,
				A867292725781D1C00644774 /* Controller */,
				7611804425780F680091EF7F /* Assets.xcassets */,
				7611803A25780F660091EF7F /* SceneDelegate.swift */,
				7611804925780F680091EF7F /* Info.plist */,
				7611804125780F660091EF7F /* Workshop_Backend.xcdatamodeld */,
			);
			path = "Workshop Backend";
			sourceTree = "<group>";
		};
		7611805125780F680091EF7F /* Workshop BackendTests */ = {
			isa = PBXGroup;
			children = (
				7611805225780F680091EF7F /* Workshop_BackendTests.swift */,
				7611805425780F680091EF7F /* Info.plist */,
			);
			path = "Workshop BackendTests";
			sourceTree = "<group>";
		};
		7611805C25780F680091EF7F /* Workshop BackendUITests */ = {
			isa = PBXGroup;
			children = (
				7611805D25780F680091EF7F /* Workshop_BackendUITests.swift */,
				7611805F25780F680091EF7F /* Info.plist */,
			);
			path = "Workshop BackendUITests";
			sourceTree = "<group>";
		};
		A867292525781D0700644774 /* Model */ = {
			isa = PBXGroup;
			children = (
				A867292825781D4F00644774 /* BackedFunctions.swift */,
			);
			path = Model;
			sourceTree = "<group>";
		};
		A867292625781D1000644774 /* View */ = {
			isa = PBXGroup;
			children = (
				7611804625780F680091EF7F /* LaunchScreen.storyboard */,
				7611803E25780F660091EF7F /* Main.storyboard */,
			);
			path = View;
			sourceTree = "<group>";
		};
		A867292725781D1C00644774 /* Controller */ = {
			isa = PBXGroup;
			children = (
				7611803C25780F660091EF7F /* ViewController.swift */,
				7611803825780F660091EF7F /* AppDelegate.swift */,
			);
			path = Controller;
			sourceTree = "<group>";
		};
/* End PBXGroup section */

/* Begin PBXNativeTarget section */
		7611803425780F660091EF7F /* Workshop Backend */ = {
			isa = PBXNativeTarget;
			buildConfigurationList = 7611806225780F680091EF7F /* Build configuration list for PBXNativeTarget "Workshop Backend" */;
			buildPhases = (
				7611803125780F660091EF7F /* Sources */,
				7611803225780F660091EF7F /* Frameworks */,
				7611803325780F660091EF7F /* Resources */,
			);
			buildRules = (
			);
			dependencies = (
			);
			name = "Workshop Backend";
			productName = "Workshop Backend";
			productReference = 7611803525780F660091EF7F /* Workshop Backend.app */;
			productType = "com.apple.product-type.application";
		};
		7611804D25780F680091EF7F /* Workshop BackendTests */ = {
			isa = PBXNativeTarget;
			buildConfigurationList = 7611806525780F680091EF7F /* Build configuration list for PBXNativeTarget "Workshop BackendTests" */;
			buildPhases = (
				7611804A25780F680091EF7F /* Sources */,
				7611804B25780F680091EF7F /* Frameworks */,
				7611804C25780F680091EF7F /* Resources */,
			);
			buildRules = (
			);
			dependencies = (
				7611805025780F680091EF7F /* PBXTargetDependency */,
			);
			name = "Workshop BackendTests";
			productName = "Workshop BackendTests";
			productReference = 7611804E25780F680091EF7F /* Workshop BackendTests.xctest */;
			productType = "com.apple.product-type.bundle.unit-test";
		};
		7611805825780F680091EF7F /* Workshop BackendUITests */ = {
			isa = PBXNativeTarget;
			buildConfigurationList = 7611806825780F680091EF7F /* Build configuration list for PBXNativeTarget "Workshop BackendUITests" */;
			buildPhases = (
				7611805525780F680091EF7F /* Sources */,
				7611805625780F680091EF7F /* Frameworks */,
				7611805725780F680091EF7F /* Resources */,
			);
			buildRules = (
			);
			dependencies = (
				7611805B25780F680091EF7F /* PBXTargetDependency */,
			);
			name = "Workshop BackendUITests";
			productName = "Workshop BackendUITests";
			productReference = 7611805925780F680091EF7F /* Workshop BackendUITests.xctest */;
			productType = "com.apple.product-type.bundle.ui-testing";
		};
/* End PBXNativeTarget section */

/* Begin PBXProject section */
		7611802D25780F660091EF7F /* Project object */ = {
			isa = PBXProject;
			attributes = {
				LastSwiftUpdateCheck = 1220;
				LastUpgradeCheck = 1220;
				TargetAttributes = {
					7611803425780F660091EF7F = {
						CreatedOnToolsVersion = 12.2;
					};
					7611804D25780F680091EF7F = {
						CreatedOnToolsVersion = 12.2;
						TestTargetID = 7611803425780F660091EF7F;
					};
					7611805825780F680091EF7F = {
						CreatedOnToolsVersion = 12.2;
						TestTargetID = 7611803425780F660091EF7F;
					};
				};
			};
			buildConfigurationList = 7611803025780F660091EF7F /* Build configuration list for PBXProject "Workshop Backend" */;
			compatibilityVersion = "Xcode 9.3";
			developmentRegion = en;
			hasScannedForEncodings = 0;
			knownRegions = (
				en,
				Base,
			);
			mainGroup = 7611802C25780F660091EF7F;
			productRefGroup = 7611803625780F660091EF7F /* Products */;
			projectDirPath = "";
			projectRoot = "";
			targets = (
				7611803425780F660091EF7F /* Workshop Backend */,
				7611804D25780F680091EF7F /* Workshop BackendTests */,
				7611805825780F680091EF7F /* Workshop BackendUITests */,
			);
		};
/* End PBXProject section */

/* Begin PBXResourcesBuildPhase section */
		7611803325780F660091EF7F /* Resources */ = {
			isa = PBXResourcesBuildPhase;
			buildActionMask = 2147483647;
			files = (
				7611804825780F680091EF7F /* LaunchScreen.storyboard in Resources */,
				7611804525780F680091EF7F /* Assets.xcassets in Resources */,
				7611804025780F660091EF7F /* Main.storyboard in Resources */,
			);
			runOnlyForDeploymentPostprocessing = 0;
		};
		7611804C25780F680091EF7F /* Resources */ = {
			isa = PBXResourcesBuildPhase;
			buildActionMask = 2147483647;
			files = (
			);
			runOnlyForDeploymentPostprocessing = 0;
		};
		7611805725780F680091EF7F /* Resources */ = {
			isa = PBXResourcesBuildPhase;
			buildActionMask = 2147483647;
			files = (
			);
			runOnlyForDeploymentPostprocessing = 0;
		};
/* End PBXResourcesBuildPhase section */

/* Begin PBXSourcesBuildPhase section */
		7611803125780F660091EF7F /* Sources */ = {
			isa = PBXSourcesBuildPhase;
			buildActionMask = 2147483647;
			files = (
				A867292925781D4F00644774 /* BackedFunctions.swift in Sources */,
				7611803D25780F660091EF7F /* ViewController.swift in Sources */,
				7611804325780F660091EF7F /* Workshop_Backend.xcdatamodeld in Sources */,
				7611803925780F660091EF7F /* AppDelegate.swift in Sources */,
				7611803B25780F660091EF7F /* SceneDelegate.swift in Sources */,
			);
			runOnlyForDeploymentPostprocessing = 0;
		};
		7611804A25780F680091EF7F /* Sources */ = {
			isa = PBXSourcesBuildPhase;
			buildActionMask = 2147483647;
			files = (
				7611805325780F680091EF7F /* Workshop_BackendTests.swift in Sources */,
			);
			runOnlyForDeploymentPostprocessing = 0;
		};
		7611805525780F680091EF7F /* Sources */ = {
			isa = PBXSourcesBuildPhase;
			buildActionMask = 2147483647;
			files = (
				7611805E25780F680091EF7F /* Workshop_BackendUITests.swift in Sources */,
			);
			runOnlyForDeploymentPostprocessing = 0;
		};
/* End PBXSourcesBuildPhase section */

/* Begin PBXTargetDependency section */
		7611805025780F680091EF7F /* PBXTargetDependency */ = {
			isa = PBXTargetDependency;
			target = 7611803425780F660091EF7F /* Workshop Backend */;
			targetProxy = 7611804F25780F680091EF7F /* PBXContainerItemProxy */;
		};
		7611805B25780F680091EF7F /* PBXTargetDependency */ = {
			isa = PBXTargetDependency;
			target = 7611803425780F660091EF7F /* Workshop Backend */;
			targetProxy = 7611805A25780F680091EF7F /* PBXContainerItemProxy */;
		};
/* End PBXTargetDependency section */

/* Begin PBXVariantGroup section */
		7611803E25780F660091EF7F /* Main.storyboard */ = {
			isa = PBXVariantGroup;
			children = (
				7611803F25780F660091EF7F /* Base */,
			);
			name = Main.storyboard;
			sourceTree = "<group>";
		};
		7611804625780F680091EF7F /* LaunchScreen.storyboard */ = {
			isa = PBXVariantGroup;
			children = (
				7611804725780F680091EF7F /* Base */,
			);
			name = LaunchScreen.storyboard;
			sourceTree = "<group>";
		};
/* End PBXVariantGroup section */

/* Begin XCBuildConfiguration section */
		7611806025780F680091EF7F /* Debug */ = {
			isa = XCBuildConfiguration;
			buildSettings = {
				ALWAYS_SEARCH_USER_PATHS = NO;
				CLANG_ANALYZER_NONNULL = YES;
				CLANG_ANALYZER_NUMBER_OBJECT_CONVERSION = YES_AGGRESSIVE;
				CLANG_CXX_LANGUAGE_STANDARD = "gnu++14";
				CLANG_CXX_LIBRARY = "libc++";
				CLANG_ENABLE_MODULES = YES;
				CLANG_ENABLE_OBJC_ARC = YES;
				CLANG_ENABLE_OBJC_WEAK = YES;
				CLANG_WARN_BLOCK_CAPTURE_AUTORELEASING = YES;
				CLANG_WARN_BOOL_CONVERSION = YES;
				CLANG_WARN_COMMA = YES;
				CLANG_WARN_CONSTANT_CONVERSION = YES;
				CLANG_WARN_DEPRECATED_OBJC_IMPLEMENTATIONS = YES;
				CLANG_WARN_DIRECT_OBJC_ISA_USAGE = YES_ERROR;
				CLANG_WARN_DOCUMENTATION_COMMENTS = YES;
				CLANG_WARN_EMPTY_BODY = YES;
				CLANG_WARN_ENUM_CONVERSION = YES;
				CLANG_WARN_INFINITE_RECURSION = YES;
				CLANG_WARN_INT_CONVERSION = YES;
				CLANG_WARN_NON_LITERAL_NULL_CONVERSION = YES;
				CLANG_WARN_OBJC_IMPLICIT_RETAIN_SELF = YES;
				CLANG_WARN_OBJC_LITERAL_CONVERSION = YES;
				CLANG_WARN_OBJC_ROOT_CLASS = YES_ERROR;
				CLANG_WARN_QUOTED_INCLUDE_IN_FRAMEWORK_HEADER = YES;
				CLANG_WARN_RANGE_LOOP_ANALYSIS = YES;
				CLANG_WARN_STRICT_PROTOTYPES = YES;
				CLANG_WARN_SUSPICIOUS_MOVE = YES;
				CLANG_WARN_UNGUARDED_AVAILABILITY = YES_AGGRESSIVE;
				CLANG_WARN_UNREACHABLE_CODE = YES;
				CLANG_WARN__DUPLICATE_METHOD_MATCH = YES;
				COPY_PHASE_STRIP = NO;
				DEBUG_INFORMATION_FORMAT = dwarf;
				ENABLE_STRICT_OBJC_MSGSEND = YES;
				ENABLE_TESTABILITY = YES;
				GCC_C_LANGUAGE_STANDARD = gnu11;
				GCC_DYNAMIC_NO_PIC = NO;
				GCC_NO_COMMON_BLOCKS = YES;
				GCC_OPTIMIZATION_LEVEL = 0;
				GCC_PREPROCESSOR_DEFINITIONS = (
					"DEBUG=1",
					"$(inherited)",
				);
				GCC_WARN_64_TO_32_BIT_CONVERSION = YES;
				GCC_WARN_ABOUT_RETURN_TYPE = YES_ERROR;
				GCC_WARN_UNDECLARED_SELECTOR = YES;
				GCC_WARN_UNINITIALIZED_AUTOS = YES_AGGRESSIVE;
				GCC_WARN_UNUSED_FUNCTION = YES;
				GCC_WARN_UNUSED_VARIABLE = YES;
				IPHONEOS_DEPLOYMENT_TARGET = 14.2;
				MTL_ENABLE_DEBUG_INFO = INCLUDE_SOURCE;
				MTL_FAST_MATH = YES;
				ONLY_ACTIVE_ARCH = YES;
				SDKROOT = iphoneos;
				SWIFT_ACTIVE_COMPILATION_CONDITIONS = DEBUG;
				SWIFT_OPTIMIZATION_LEVEL = "-Onone";
			};
			name = Debug;
		};
		7611806125780F680091EF7F /* Release */ = {
			isa = XCBuildConfiguration;
			buildSettings = {
				ALWAYS_SEARCH_USER_PATHS = NO;
				CLANG_ANALYZER_NONNULL = YES;
				CLANG_ANALYZER_NUMBER_OBJECT_CONVERSION = YES_AGGRESSIVE;
				CLANG_CXX_LANGUAGE_STANDARD = "gnu++14";
				CLANG_CXX_LIBRARY = "libc++";
				CLANG_ENABLE_MODULES = YES;
				CLANG_ENABLE_OBJC_ARC = YES;
				CLANG_ENABLE_OBJC_WEAK = YES;
				CLANG_WARN_BLOCK_CAPTURE_AUTORELEASING = YES;
				CLANG_WARN_BOOL_CONVERSION = YES;
				CLANG_WARN_COMMA = YES;
				CLANG_WARN_CONSTANT_CONVERSION = YES;
				CLANG_WARN_DEPRECATED_OBJC_IMPLEMENTATIONS = YES;
				CLANG_WARN_DIRECT_OBJC_ISA_USAGE = YES_ERROR;
				CLANG_WARN_DOCUMENTATION_COMMENTS = YES;
				CLANG_WARN_EMPTY_BODY = YES;
				CLANG_WARN_ENUM_CONVERSION = YES;
				CLANG_WARN_INFINITE_RECURSION = YES;
				CLANG_WARN_INT_CONVERSION = YES;
				CLANG_WARN_NON_LITERAL_NULL_CONVERSION = YES;
				CLANG_WARN_OBJC_IMPLICIT_RETAIN_SELF = YES;
				CLANG_WARN_OBJC_LITERAL_CONVERSION = YES;
				CLANG_WARN_OBJC_ROOT_CLASS = YES_ERROR;
				CLANG_WARN_QUOTED_INCLUDE_IN_FRAMEWORK_HEADER = YES;
				CLANG_WARN_RANGE_LOOP_ANALYSIS = YES;
				CLANG_WARN_STRICT_PROTOTYPES = YES;
				CLANG_WARN_SUSPICIOUS_MOVE = YES;
				CLANG_WARN_UNGUARDED_AVAILABILITY = YES_AGGRESSIVE;
				CLANG_WARN_UNREACHABLE_CODE = YES;
				CLANG_WARN__DUPLICATE_METHOD_MATCH = YES;
				COPY_PHASE_STRIP = NO;
				DEBUG_INFORMATION_FORMAT = "dwarf-with-dsym";
				ENABLE_NS_ASSERTIONS = NO;
				ENABLE_STRICT_OBJC_MSGSEND = YES;
				GCC_C_LANGUAGE_STANDARD = gnu11;
				GCC_NO_COMMON_BLOCKS = YES;
				GCC_WARN_64_TO_32_BIT_CONVERSION = YES;
				GCC_WARN_ABOUT_RETURN_TYPE = YES_ERROR;
				GCC_WARN_UNDECLARED_SELECTOR = YES;
				GCC_WARN_UNINITIALIZED_AUTOS = YES_AGGRESSIVE;
				GCC_WARN_UNUSED_FUNCTION = YES;
				GCC_WARN_UNUSED_VARIABLE = YES;
				IPHONEOS_DEPLOYMENT_TARGET = 14.2;
				MTL_ENABLE_DEBUG_INFO = NO;
				MTL_FAST_MATH = YES;
				SDKROOT = iphoneos;
				SWIFT_COMPILATION_MODE = wholemodule;
				SWIFT_OPTIMIZATION_LEVEL = "-O";
				VALIDATE_PRODUCT = YES;
			};
			name = Release;
		};
		7611806325780F680091EF7F /* Debug */ = {
			isa = XCBuildConfiguration;
			buildSettings = {
				ASSETCATALOG_COMPILER_APPICON_NAME = AppIcon;
				ASSETCATALOG_COMPILER_GLOBAL_ACCENT_COLOR_NAME = AccentColor;
				CODE_SIGN_STYLE = Automatic;
				DEVELOPMENT_TEAM = FG34M55V26;
				INFOPLIST_FILE = "Workshop Backend/Info.plist";
				LD_RUNPATH_SEARCH_PATHS = (
					"$(inherited)",
					"@executable_path/Frameworks",
				);
				PRODUCT_BUNDLE_IDENTIFIER = "com.lucascarvalho.Workshop-Backend";
				PRODUCT_NAME = "$(TARGET_NAME)";
				SWIFT_VERSION = 5.0;
				TARGETED_DEVICE_FAMILY = "1,2";
			};
			name = Debug;
		};
		7611806425780F680091EF7F /* Release */ = {
			isa = XCBuildConfiguration;
			buildSettings = {
				ASSETCATALOG_COMPILER_APPICON_NAME = AppIcon;
				ASSETCATALOG_COMPILER_GLOBAL_ACCENT_COLOR_NAME = AccentColor;
				CODE_SIGN_STYLE = Automatic;
				DEVELOPMENT_TEAM = FG34M55V26;
				INFOPLIST_FILE = "Workshop Backend/Info.plist";
				LD_RUNPATH_SEARCH_PATHS = (
					"$(inherited)",
					"@executable_path/Frameworks",
				);
				PRODUCT_BUNDLE_IDENTIFIER = "com.lucascarvalho.Workshop-Backend";
				PRODUCT_NAME = "$(TARGET_NAME)";
				SWIFT_VERSION = 5.0;
				TARGETED_DEVICE_FAMILY = "1,2";
			};
			name = Release;
		};
		7611806625780F680091EF7F /* Debug */ = {
			isa = XCBuildConfiguration;
			buildSettings = {
				ALWAYS_EMBED_SWIFT_STANDARD_LIBRARIES = YES;
				BUNDLE_LOADER = "$(TEST_HOST)";
				CODE_SIGN_STYLE = Automatic;
				DEVELOPMENT_TEAM = FG34M55V26;
				INFOPLIST_FILE = "Workshop BackendTests/Info.plist";
				IPHONEOS_DEPLOYMENT_TARGET = 14.2;
				LD_RUNPATH_SEARCH_PATHS = (
					"$(inherited)",
					"@executable_path/Frameworks",
					"@loader_path/Frameworks",
				);
				PRODUCT_BUNDLE_IDENTIFIER = "com.lucascarvalho.Workshop-BackendTests";
				PRODUCT_NAME = "$(TARGET_NAME)";
				SWIFT_VERSION = 5.0;
				TARGETED_DEVICE_FAMILY = "1,2";
				TEST_HOST = "$(BUILT_PRODUCTS_DIR)/Workshop Backend.app/Workshop Backend";
			};
			name = Debug;
		};
		7611806725780F680091EF7F /* Release */ = {
			isa = XCBuildConfiguration;
			buildSettings = {
				ALWAYS_EMBED_SWIFT_STANDARD_LIBRARIES = YES;
				BUNDLE_LOADER = "$(TEST_HOST)";
				CODE_SIGN_STYLE = Automatic;
				DEVELOPMENT_TEAM = FG34M55V26;
				INFOPLIST_FILE = "Workshop BackendTests/Info.plist";
				IPHONEOS_DEPLOYMENT_TARGET = 14.2;
				LD_RUNPATH_SEARCH_PATHS = (
					"$(inherited)",
					"@executable_path/Frameworks",
					"@loader_path/Frameworks",
				);
				PRODUCT_BUNDLE_IDENTIFIER = "com.lucascarvalho.Workshop-BackendTests";
				PRODUCT_NAME = "$(TARGET_NAME)";
				SWIFT_VERSION = 5.0;
				TARGETED_DEVICE_FAMILY = "1,2";
				TEST_HOST = "$(BUILT_PRODUCTS_DIR)/Workshop Backend.app/Workshop Backend";
			};
			name = Release;
		};
		7611806925780F680091EF7F /* Debug */ = {
			isa = XCBuildConfiguration;
			buildSettings = {
				ALWAYS_EMBED_SWIFT_STANDARD_LIBRARIES = YES;
				CODE_SIGN_STYLE = Automatic;
				DEVELOPMENT_TEAM = FG34M55V26;
				INFOPLIST_FILE = "Workshop BackendUITests/Info.plist";
				LD_RUNPATH_SEARCH_PATHS = (
					"$(inherited)",
					"@executable_path/Frameworks",
					"@loader_path/Frameworks",
				);
				PRODUCT_BUNDLE_IDENTIFIER = "com.lucascarvalho.Workshop-BackendUITests";
				PRODUCT_NAME = "$(TARGET_NAME)";
				SWIFT_VERSION = 5.0;
				TARGETED_DEVICE_FAMILY = "1,2";
				TEST_TARGET_NAME = "Workshop Backend";
			};
			name = Debug;
		};
		7611806A25780F680091EF7F /* Release */ = {
			isa = XCBuildConfiguration;
			buildSettings = {
				ALWAYS_EMBED_SWIFT_STANDARD_LIBRARIES = YES;
				CODE_SIGN_STYLE = Automatic;
				DEVELOPMENT_TEAM = FG34M55V26;
				INFOPLIST_FILE = "Workshop BackendUITests/Info.plist";
				LD_RUNPATH_SEARCH_PATHS = (
					"$(inherited)",
					"@executable_path/Frameworks",
					"@loader_path/Frameworks",
				);
				PRODUCT_BUNDLE_IDENTIFIER = "com.lucascarvalho.Workshop-BackendUITests";
				PRODUCT_NAME = "$(TARGET_NAME)";
				SWIFT_VERSION = 5.0;
				TARGETED_DEVICE_FAMILY = "1,2";
				TEST_TARGET_NAME = "Workshop Backend";
			};
			name = Release;
		};
/* End XCBuildConfiguration section */

/* Begin XCConfigurationList section */
		7611803025780F660091EF7F /* Build configuration list for PBXProject "Workshop Backend" */ = {
			isa = XCConfigurationList;
			buildConfigurations = (
				7611806025780F680091EF7F /* Debug */,
				7611806125780F680091EF7F /* Release */,
			);
			defaultConfigurationIsVisible = 0;
			defaultConfigurationName = Release;
		};
		7611806225780F680091EF7F /* Build configuration list for PBXNativeTarget "Workshop Backend" */ = {
			isa = XCConfigurationList;
			buildConfigurations = (
				7611806325780F680091EF7F /* Debug */,
				7611806425780F680091EF7F /* Release */,
			);
			defaultConfigurationIsVisible = 0;
			defaultConfigurationName = Release;
		};
		7611806525780F680091EF7F /* Build configuration list for PBXNativeTarget "Workshop BackendTests" */ = {
			isa = XCConfigurationList;
			buildConfigurations = (
				7611806625780F680091EF7F /* Debug */,
				7611806725780F680091EF7F /* Release */,
			);
			defaultConfigurationIsVisible = 0;
			defaultConfigurationName = Release;
		};
		7611806825780F680091EF7F /* Build configuration list for PBXNativeTarget "Workshop BackendUITests" */ = {
			isa = XCConfigurationList;
			buildConfigurations = (
				7611806925780F680091EF7F /* Debug */,
				7611806A25780F680091EF7F /* Release */,
			);
			defaultConfigurationIsVisible = 0;
			defaultConfigurationName = Release;
		};
/* End XCConfigurationList section */

/* Begin XCVersionGroup section */
		7611804125780F660091EF7F /* Workshop_Backend.xcdatamodeld */ = {
			isa = XCVersionGroup;
			children = (
				7611804225780F660091EF7F /* Workshop_Backend.xcdatamodel */,
			);
			currentVersion = 7611804225780F660091EF7F /* Workshop_Backend.xcdatamodel */;
			path = Workshop_Backend.xcdatamodeld;
			sourceTree = "<group>";
			versionGroupType = wrapper.xcdatamodel;
		};
/* End XCVersionGroup section */
	};
	rootObject = 7611802D25780F660091EF7F /* Project object */;
}
